
Microsoft Visual Studio Solution File, Format Version 12.00
# Visual Studio Version 17
VisualStudioVersion = 17.13.35931.197
MinimumVisualStudioVersion = 10.0.40219.1
Project("{FAE04EC0-301F-11D3-BF4B-00C04F79EFBC}") = "NZtut.API", "NZtut.API\NZtut.API.csproj", "{8EC63AA9-1384-4946-B2B2-04EB8979171F}"
EndProject
Project("{FAE04EC0-301F-11D3-BF4B-00C04F79EFBC}") = "NZtut.UI", "NZtut.UI\NZtut.UI.csproj", "{BEB123A3-2A2C-46D1-953B-2C263F40525D}"
EndProject
Global
	GlobalSection(SolutionConfigurationPlatforms) = preSolution
		Debug|Any CPU = Debug|Any CPU
		Release|Any CPU = Release|Any CPU
	EndGlobalSection
	GlobalSection(ProjectConfigurationPlatforms) = postSolution
		{8EC63AA9-1384-4946-B2B2-04EB8979171F}.Debug|Any CPU.ActiveCfg = Debug|Any CPU
		{8EC63AA9-1384-4946-B2B2-04EB8979171F}.Debug|Any CPU.Build.0 = Debug|Any CPU
		{8EC63AA9-1384-4946-B2B2-04EB8979171F}.Release|Any CPU.ActiveCfg = Release|Any CPU
		{8EC63AA9-1384-4946-B2B2-04EB8979171F}.Release|Any CPU.Build.0 = Release|Any CPU
		{BEB123A3-2A2C-46D1-953B-2C263F40525D}.Debug|Any CPU.ActiveCfg = Debug|Any CPU
		{BEB123A3-2A2C-46D1-953B-2C263F40525D}.Debug|Any CPU.Build.0 = Debug|Any CPU
		{BEB123A3-2A2C-46D1-953B-2C263F40525D}.Release|Any CPU.ActiveCfg = Release|Any CPU
		{BEB123A3-2A2C-46D1-953B-2C263F40525D}.Release|Any CPU.Build.0 = Release|Any CPU
	EndGlobalSection
	GlobalSection(SolutionProperties) = preSolution
		HideSolutionNode = FALSE
	EndGlobalSection
	GlobalSection(ExtensibilityGlobals) = postSolution
		SolutionGuid = {A61BB84C-2D8D-4E56-8274-21660352610A}
	EndGlobalSection
EndGlobal
